
Microsoft Visual Studio Solution File, Format Version 12.00
# Visual Studio Version 17
VisualStudioVersion = 17.13.35828.75 d17.13
MinimumVisualStudioVersion = 10.0.40219.1
Project("{FAE04EC0-301F-11D3-BF4B-00C04F79EFBC}") = "smartcityapi", "smartcityapi.csproj", "{F1856723-10CC-4EC9-AF47-5922C1016655}"
EndProject
Global
	GlobalSection(SolutionConfigurationPlatforms) = preSolution
		Debug|Any CPU = Debug|Any CPU
		Release|Any CPU = Release|Any CPU
	EndGlobalSection
	GlobalSection(ProjectConfigurationPlatforms) = postSolution
		{F1856723-10CC-4EC9-AF47-5922C1016655}.Debug|Any CPU.ActiveCfg = Debug|Any CPU
		{F1856723-10CC-4EC9-AF47-5922C1016655}.Debug|Any CPU.Build.0 = Debug|Any CPU
		{F1856723-10CC-4EC9-AF47-5922C1016655}.Release|Any CPU.ActiveCfg = Release|Any CPU
		{F1856723-10CC-4EC9-AF47-5922C1016655}.Release|Any CPU.Build.0 = Release|Any CPU
	EndGlobalSection
	GlobalSection(SolutionProperties) = preSolution
		HideSolutionNode = FALSE
	EndGlobalSection
	GlobalSection(ExtensibilityGlobals) = postSolution
		SolutionGuid = {1328B291-E655-430C-9ACB-F7C47E7843FD}
	EndGlobalSection
EndGlobal
